
Microsoft Visual Studio Solution File, Format Version 12.00
# Visual Studio Version 16
VisualStudioVersion = 16.0.30223.230
MinimumVisualStudioVersion = 10.0.40219.1
Project("{9A19103F-16F7-4668-BE54-9A1E7A4F7556}") = "System.Collections.Navigation", "src\System.Collections.Navigation\System.Collections.Navigation.csproj", "{421FB822-3462-456E-8930-FB1A043C36A4}"
EndProject
Project("{2150E333-8FDC-42A3-9474-1A3956D46DE8}") = "Solution Items", "Solution Items", "{688C4E75-D6F8-4ED0-A83B-F974EBDD0BEF}"
	ProjectSection(SolutionItems) = preProject
		.editorconfig = .editorconfig
		.gitignore = .gitignore
		LICENSE = LICENSE
		README.md = README.md
	EndProjectSection
EndProject
Global
	GlobalSection(SolutionConfigurationPlatforms) = preSolution
		Debug|Any CPU = Debug|Any CPU
		Release|Any CPU = Release|Any CPU
	EndGlobalSection
	GlobalSection(ProjectConfigurationPlatforms) = postSolution
		{421FB822-3462-456E-8930-FB1A043C36A4}.Debug|Any CPU.ActiveCfg = Debug|Any CPU
		{421FB822-3462-456E-8930-FB1A043C36A4}.Debug|Any CPU.Build.0 = Debug|Any CPU
		{421FB822-3462-456E-8930-FB1A043C36A4}.Release|Any CPU.ActiveCfg = Release|Any CPU
		{421FB822-3462-456E-8930-FB1A043C36A4}.Release|Any CPU.Build.0 = Release|Any CPU
	EndGlobalSection
	GlobalSection(SolutionProperties) = preSolution
		HideSolutionNode = FALSE
	EndGlobalSection
	GlobalSection(ExtensibilityGlobals) = postSolution
		SolutionGuid = {4DF2D717-1CE1-4993-AD1A-331089AB0F87}
	EndGlobalSection
EndGlobal
